
Microsoft Visual Studio Solution File, Format Version 12.00
# Visual Studio Version 16
VisualStudioVersion = 16.0.30711.63
MinimumVisualStudioVersion = 10.0.40219.1
Project("{FAE04EC0-301F-11D3-BF4B-00C04F79EFBC}") = "SazonovaDR304", "SazonovaDR304\SazonovaDR304.csproj", "{8CAFA4CA-8060-40CC-8287-56F175FF4FF7}"
EndProject
Global
	GlobalSection(SolutionConfigurationPlatforms) = preSolution
		Debug|Any CPU = Debug|Any CPU
		Release|Any CPU = Release|Any CPU
	EndGlobalSection
	GlobalSection(ProjectConfigurationPlatforms) = postSolution
		{8CAFA4CA-8060-40CC-8287-56F175FF4FF7}.Debug|Any CPU.ActiveCfg = Debug|Any CPU
		{8CAFA4CA-8060-40CC-8287-56F175FF4FF7}.Debug|Any CPU.Build.0 = Debug|Any CPU
		{8CAFA4CA-8060-40CC-8287-56F175FF4FF7}.Release|Any CPU.ActiveCfg = Release|Any CPU
		{8CAFA4CA-8060-40CC-8287-56F175FF4FF7}.Release|Any CPU.Build.0 = Release|Any CPU
	EndGlobalSection
	GlobalSection(SolutionProperties) = preSolution
		HideSolutionNode = FALSE
	EndGlobalSection
	GlobalSection(ExtensibilityGlobals) = postSolution
		SolutionGuid = {1011AB69-C955-4428-BB35-8453C72ACA3D}
	EndGlobalSection
EndGlobal
